
Microsoft Visual Studio Solution File, Format Version 12.00
# Visual Studio Version 17
VisualStudioVersion = 17.0.31903.59
MinimumVisualStudioVersion = 10.0.40219.1
Project("{9A19103F-16F7-4668-BE54-9A1E7A4F7556}") = "PuzzleWebsite", "PuzzleWebsite\PuzzleWebsite.csproj", "{F08EAE2B-0908-46CB-BA80-4B302C75CF96}"
EndProject
Global
	GlobalSection(SolutionConfigurationPlatforms) = preSolution
		Debug|Any CPU = Debug|Any CPU
		Release|Any CPU = Release|Any CPU
	EndGlobalSection
	GlobalSection(ProjectConfigurationPlatforms) = postSolution
		{F08EAE2B-0908-46CB-BA80-4B302C75CF96}.Debug|Any CPU.ActiveCfg = Debug|Any CPU
		{F08EAE2B-0908-46CB-BA80-4B302C75CF96}.Debug|Any CPU.Build.0 = Debug|Any CPU
		{F08EAE2B-0908-46CB-BA80-4B302C75CF96}.Release|Any CPU.ActiveCfg = Release|Any CPU
		{F08EAE2B-0908-46CB-BA80-4B302C75CF96}.Release|Any CPU.Build.0 = Release|Any CPU
	EndGlobalSection
	GlobalSection(SolutionProperties) = preSolution
		HideSolutionNode = FALSE
	EndGlobalSection
	GlobalSection(ExtensibilityGlobals) = postSolution
		SolutionGuid = {75CE6D05-F371-4AF6-803A-0D4F4193E0AD}
	EndGlobalSection
EndGlobal
